// !$*UTF8*$!
{
	archiveVersion = 1;
	classes = {
	};
	objectVersion = 77;
	objects = {

/* Begin PBXBuildFile section */
		87F170962EEE718A0058D8BF /* WidgetKit.framework in Frameworks */ = {isa = PBXBuildFile; fileRef = 87F170952EEE718A0058D8BF /* WidgetKit.framework */; };
		87F170982EEE718A0058D8BF /* SwiftUI.framework in Frameworks */ = {isa = PBXBuildFile; fileRef = 87F170972EEE718A0058D8BF /* SwiftUI.framework */; };
		87F170A92EEE718B0058D8BF /* QuoteWidgetExtension.appex in Embed Foundation Extensions */ = {isa = PBXBuildFile; fileRef = 87F170932EEE718A0058D8BF /* QuoteWidgetExtension.appex */; settings = {ATTRIBUTES = (RemoveHeadersOnCopy, ); }; };
/* End PBXBuildFile section */

/* Begin PBXContainerItemProxy section */
		87F170672EEE6A0D0058D8BF /* PBXContainerItemProxy */ = {
			isa = PBXContainerItemProxy;
			containerPortal = 87F170512EEE6A010058D8BF /* Project object */;
			proxyType = 1;
			remoteGlobalIDString = 87F170582EEE6A010058D8BF;
			remoteInfo = harveyspectorquotes;
		};
		87F170712EEE6A0D0058D8BF /* PBXContainerItemProxy */ = {
			isa = PBXContainerItemProxy;
			containerPortal = 87F170512EEE6A010058D8BF /* Project object */;
			proxyType = 1;
			remoteGlobalIDString = 87F170582EEE6A010058D8BF;
			remoteInfo = harveyspectorquotes;
		};
		87F170A72EEE718B0058D8BF /* PBXContainerItemProxy */ = {
			isa = PBXContainerItemProxy;
			containerPortal = 87F170512EEE6A010058D8BF /* Project object */;
			proxyType = 1;
			remoteGlobalIDString = 87F170922EEE718A0058D8BF;
			remoteInfo = QuoteWidgetExtension;
		};
/* End PBXContainerItemProxy section */

/* Begin PBXCopyFilesBuildPhase section */
		87F170AE2EEE718B0058D8BF /* Embed Foundation Extensions */ = {
			isa = PBXCopyFilesBuildPhase;
			buildActionMask = 2147483647;
			dstPath = "";
			dstSubfolderSpec = 13;
			files = (
				87F170A92EEE718B0058D8BF /* QuoteWidgetExtension.appex in Embed Foundation Extensions */,
			);
			name = "Embed Foundation Extensions";
			runOnlyForDeploymentPostprocessing = 0;
		};
/* End PBXCopyFilesBuildPhase section */

/* Begin PBXFileReference section */
		87F170592EEE6A010058D8BF /* harveyspectorquotes.app */ = {isa = PBXFileReference; explicitFileType = wrapper.application; includeInIndex = 0; path = harveyspectorquotes.app; sourceTree = BUILT_PRODUCTS_DIR; };
		87F170662EEE6A0D0058D8BF /* harveyspectorquotesTests.xctest */ = {isa = PBXFileReference; explicitFileType = wrapper.cfbundle; includeInIndex = 0; path = harveyspectorquotesTests.xctest; sourceTree = BUILT_PRODUCTS_DIR; };
		87F170702EEE6A0D0058D8BF /* harveyspectorquotesUITests.xctest */ = {isa = PBXFileReference; explicitFileType = wrapper.cfbundle; includeInIndex = 0; path = harveyspectorquotesUITests.xctest; sourceTree = BUILT_PRODUCTS_DIR; };
		87F170932EEE718A0058D8BF /* QuoteWidgetExtension.appex */ = {isa = PBXFileReference; explicitFileType = "wrapper.app-extension"; includeInIndex = 0; path = QuoteWidgetExtension.appex; sourceTree = BUILT_PRODUCTS_DIR; };
		87F170952EEE718A0058D8BF /* WidgetKit.framework */ = {isa = PBXFileReference; lastKnownFileType = wrapper.framework; name = WidgetKit.framework; path = System/Library/Frameworks/WidgetKit.framework; sourceTree = SDKROOT; };
		87F170972EEE718A0058D8BF /* SwiftUI.framework */ = {isa = PBXFileReference; lastKnownFileType = wrapper.framework; name = SwiftUI.framework; path = System/Library/Frameworks/SwiftUI.framework; sourceTree = SDKROOT; };
/* End PBXFileReference section */

/* Begin PBXFileSystemSynchronizedBuildFileExceptionSet section */
		87F170AA2EEE718B0058D8BF /* Exceptions for "QuoteWidget" folder in "QuoteWidgetExtension" target */ = {
			isa = PBXFileSystemSynchronizedBuildFileExceptionSet;
			membershipExceptions = (
				Info.plist,
			);
			target = 87F170922EEE718A0058D8BF /* QuoteWidgetExtension */;
		};
/* End PBXFileSystemSynchronizedBuildFileExceptionSet section */

/* Begin PBXFileSystemSynchronizedRootGroup section */
		87F1705B2EEE6A010058D8BF /* harveyspectorquotes */ = {
			isa = PBXFileSystemSynchronizedRootGroup;
			path = harveyspectorquotes;
			sourceTree = "<group>";
		};
		87F170692EEE6A0D0058D8BF /* harveyspectorquotesTests */ = {
			isa = PBXFileSystemSynchronizedRootGroup;
			path = harveyspectorquotesTests;
			sourceTree = "<group>";
		};
		87F170732EEE6A0D0058D8BF /* harveyspectorquotesUITests */ = {
			isa = PBXFileSystemSynchronizedRootGroup;
			path = harveyspectorquotesUITests;
			sourceTree = "<group>";
		};
		87F170832EEE6C200058D8BF /* docs */ = {
			isa = PBXFileSystemSynchronizedRootGroup;
			path = docs;
			sourceTree = "<group>";
		};
		87F170992EEE718A0058D8BF /* QuoteWidget */ = {
			isa = PBXFileSystemSynchronizedRootGroup;
			exceptions = (
				87F170AA2EEE718B0058D8BF /* Exceptions for "QuoteWidget" folder in "QuoteWidgetExtension" target */,
			);
			path = QuoteWidget;
			sourceTree = "<group>";
		};
/* End PBXFileSystemSynchronizedRootGroup section */

/* Begin PBXFrameworksBuildPhase section */
		87F170562EEE6A010058D8BF /* Frameworks */ = {
			isa = PBXFrameworksBuildPhase;
			buildActionMask = 2147483647;
			files = (
			);
			runOnlyForDeploymentPostprocessing = 0;
		};
		87F170632EEE6A0D0058D8BF /* Frameworks */ = {
			isa = PBXFrameworksBuildPhase;
			buildActionMask = 2147483647;
			files = (
			);
			runOnlyForDeploymentPostprocessing = 0;
		};
		87F1706D2EEE6A0D0058D8BF /* Frameworks */ = {
			isa = PBXFrameworksBuildPhase;
			buildActionMask = 2147483647;
			files = (
			);
			runOnlyForDeploymentPostprocessing = 0;
		};
		87F170902EEE718A0058D8BF /* Frameworks */ = {
			isa = PBXFrameworksBuildPhase;
			buildActionMask = 2147483647;
			files = (
				87F170982EEE718A0058D8BF /* SwiftUI.framework in Frameworks */,
				87F170962EEE718A0058D8BF /* WidgetKit.framework in Frameworks */,
			);
			runOnlyForDeploymentPostprocessing = 0;
		};
/* End PBXFrameworksBuildPhase section */

/* Begin PBXGroup section */
		87F170502EEE6A010058D8BF = {
			isa = PBXGroup;
			children = (
				87F170832EEE6C200058D8BF /* docs */,
				87F1705B2EEE6A010058D8BF /* harveyspectorquotes */,
				87F170692EEE6A0D0058D8BF /* harveyspectorquotesTests */,
				87F170732EEE6A0D0058D8BF /* harveyspectorquotesUITests */,
				87F170992EEE718A0058D8BF /* QuoteWidget */,
				87F170942EEE718A0058D8BF /* Frameworks */,
				87F1705A2EEE6A010058D8BF /* Products */,
			);
			sourceTree = "<group>";
		};
		87F1705A2EEE6A010058D8BF /* Products */ = {
			isa = PBXGroup;
			children = (
				87F170592EEE6A010058D8BF /* harveyspectorquotes.app */,
				87F170662EEE6A0D0058D8BF /* harveyspectorquotesTests.xctest */,
				87F170702EEE6A0D0058D8BF /* harveyspectorquotesUITests.xctest */,
				87F170932EEE718A0058D8BF /* QuoteWidgetExtension.appex */,
			);
			name = Products;
			sourceTree = "<group>";
		};
		87F170942EEE718A0058D8BF /* Frameworks */ = {
			isa = PBXGroup;
			children = (
				87F170952EEE718A0058D8BF /* WidgetKit.framework */,
				87F170972EEE718A0058D8BF /* SwiftUI.framework */,
			);
			name = Frameworks;
			sourceTree = "<group>";
		};
/* End PBXGroup section */

/* Begin PBXNativeTarget section */
		87F170582EEE6A010058D8BF /* harveyspectorquotes */ = {
			isa = PBXNativeTarget;
			buildConfigurationList = 87F1707A2EEE6A0D0058D8BF /* Build configuration list for PBXNativeTarget "harveyspectorquotes" */;
			buildPhases = (
				87F170552EEE6A010058D8BF /* Sources */,
				87F170562EEE6A010058D8BF /* Frameworks */,
				87F170572EEE6A010058D8BF /* Resources */,
				87F170AE2EEE718B0058D8BF /* Embed Foundation Extensions */,
			);
			buildRules = (
			);
			dependencies = (
				87F170A82EEE718B0058D8BF /* PBXTargetDependency */,
			);
			fileSystemSynchronizedGroups = (
				87F1705B2EEE6A010058D8BF /* harveyspectorquotes */,
				87F170832EEE6C200058D8BF /* docs */,
			);
			name = harveyspectorquotes;
			packageProductDependencies = (
			);
			productName = harveyspectorquotes;
			productReference = 87F170592EEE6A010058D8BF /* harveyspectorquotes.app */;
			productType = "com.apple.product-type.application";
		};
		87F170652EEE6A0D0058D8BF /* harveyspectorquotesTests */ = {
			isa = PBXNativeTarget;
			buildConfigurationList = 87F1707D2EEE6A0D0058D8BF /* Build configuration list for PBXNativeTarget "harveyspectorquotesTests" */;
			buildPhases = (
				87F170622EEE6A0D0058D8BF /* Sources */,
				87F170632EEE6A0D0058D8BF /* Frameworks */,
				87F170642EEE6A0D0058D8BF /* Resources */,
			);
			buildRules = (
			);
			dependencies = (
				87F170682EEE6A0D0058D8BF /* PBXTargetDependency */,
			);
			fileSystemSynchronizedGroups = (
				87F170692EEE6A0D0058D8BF /* harveyspectorquotesTests */,
			);
			name = harveyspectorquotesTests;
			packageProductDependencies = (
			);
			productName = harveyspectorquotesTests;
			productReference = 87F170662EEE6A0D0058D8BF /* harveyspectorquotesTests.xctest */;
			productType = "com.apple.product-type.bundle.unit-test";
		};
		87F1706F2EEE6A0D0058D8BF /* harveyspectorquotesUITests */ = {
			isa = PBXNativeTarget;
			buildConfigurationList = 87F170802EEE6A0D0058D8BF /* Build configuration list for PBXNativeTarget "harveyspectorquotesUITests" */;
			buildPhases = (
				87F1706C2EEE6A0D0058D8BF /* Sources */,
				87F1706D2EEE6A0D0058D8BF /* Frameworks */,
				87F1706E2EEE6A0D0058D8BF /* Resources */,
			);
			buildRules = (
			);
			dependencies = (
				87F170722EEE6A0D0058D8BF /* PBXTargetDependency */,
			);
			fileSystemSynchronizedGroups = (
				87F170732EEE6A0D0058D8BF /* harveyspectorquotesUITests */,
			);
			name = harveyspectorquotesUITests;
			packageProductDependencies = (
			);
			productName = harveyspectorquotesUITests;
			productReference = 87F170702EEE6A0D0058D8BF /* harveyspectorquotesUITests.xctest */;
			productType = "com.apple.product-type.bundle.ui-testing";
		};
		87F170922EEE718A0058D8BF /* QuoteWidgetExtension */ = {
			isa = PBXNativeTarget;
			buildConfigurationList = 87F170AB2EEE718B0058D8BF /* Build configuration list for PBXNativeTarget "QuoteWidgetExtension" */;
			buildPhases = (
				87F1708F2EEE718A0058D8BF /* Sources */,
				87F170902EEE718A0058D8BF /* Frameworks */,
				87F170912EEE718A0058D8BF /* Resources */,
			);
			buildRules = (
			);
			dependencies = (
			);
			fileSystemSynchronizedGroups = (
				87F170992EEE718A0058D8BF /* QuoteWidget */,
			);
			name = QuoteWidgetExtension;
			packageProductDependencies = (
			);
			productName = QuoteWidgetExtension;
			productReference = 87F170932EEE718A0058D8BF /* QuoteWidgetExtension.appex */;
			productType = "com.apple.product-type.app-extension";
		};
/* End PBXNativeTarget section */

/* Begin PBXProject section */
		87F170512EEE6A010058D8BF /* Project object */ = {
			isa = PBXProject;
			attributes = {
				BuildIndependentTargetsInParallel = 1;
				LastSwiftUpdateCheck = 2610;
				LastUpgradeCheck = 2610;
				TargetAttributes = {
					87F170582EEE6A010058D8BF = {
						CreatedOnToolsVersion = 26.1.1;
					};
					87F170652EEE6A0D0058D8BF = {
						CreatedOnToolsVersion = 26.1.1;
						TestTargetID = 87F170582EEE6A010058D8BF;
					};
					87F1706F2EEE6A0D0058D8BF = {
						CreatedOnToolsVersion = 26.1.1;
						TestTargetID = 87F170582EEE6A010058D8BF;
					};
					87F170922EEE718A0058D8BF = {
						CreatedOnToolsVersion = 26.1.1;
					};
				};
			};
			buildConfigurationList = 87F170542EEE6A010058D8BF /* Build configuration list for PBXProject "harveyspectorquotes" */;
			developmentRegion = en;
			hasScannedForEncodings = 0;
			knownRegions = (
				en,
				Base,
			);
			mainGroup = 87F170502EEE6A010058D8BF;
			minimizedProjectReferenceProxies = 1;
			preferredProjectObjectVersion = 77;
			productRefGroup = 87F1705A2EEE6A010058D8BF /* Products */;
			projectDirPath = "";
			projectRoot = "";
			targets = (
				87F170582EEE6A010058D8BF /* harveyspectorquotes */,
				87F170652EEE6A0D0058D8BF /* harveyspectorquotesTests */,
				87F1706F2EEE6A0D0058D8BF /* harveyspectorquotesUITests */,
				87F170922EEE718A0058D8BF /* QuoteWidgetExtension */,
			);
		};
/* End PBXProject section */

/* Begin PBXResourcesBuildPhase section */
		87F170572EEE6A010058D8BF /* Resources */ = {
			isa = PBXResourcesBuildPhase;
			buildActionMask = 2147483647;
			files = (
			);
			runOnlyForDeploymentPostprocessing = 0;
		};
		87F170642EEE6A0D0058D8BF /* Resources */ = {
			isa = PBXResourcesBuildPhase;
			buildActionMask = 2147483647;
			files = (
			);
			runOnlyForDeploymentPostprocessing = 0;
		};
		87F1706E2EEE6A0D0058D8BF /* Resources */ = {
			isa = PBXResourcesBuildPhase;
			buildActionMask = 2147483647;
			files = (
			);
			runOnlyForDeploymentPostprocessing = 0;
		};
		87F170912EEE718A0058D8BF /* Resources */ = {
			isa = PBXResourcesBuildPhase;
			buildActionMask = 2147483647;
			files = (
			);
			runOnlyForDeploymentPostprocessing = 0;
		};
/* End PBXResourcesBuildPhase section */

/* Begin PBXSourcesBuildPhase section */
		87F170552EEE6A010058D8BF /* Sources */ = {
			isa = PBXSourcesBuildPhase;
			buildActionMask = 2147483647;
			files = (
			);
			runOnlyForDeploymentPostprocessing = 0;
		};
		87F170622EEE6A0D0058D8BF /* Sources */ = {
			isa = PBXSourcesBuildPhase;
			buildActionMask = 2147483647;
			files = (
			);
			runOnlyForDeploymentPostprocessing = 0;
		};
		87F1706C2EEE6A0D0058D8BF /* Sources */ = {
			isa = PBXSourcesBuildPhase;
			buildActionMask = 2147483647;
			files = (
			);
			runOnlyForDeploymentPostprocessing = 0;
		};
		87F1708F2EEE718A0058D8BF /* Sources */ = {
			isa = PBXSourcesBuildPhase;
			buildActionMask = 2147483647;
			files = (
			);
			runOnlyForDeploymentPostprocessing = 0;
		};
/* End PBXSourcesBuildPhase section */

/* Begin PBXTargetDependency section */
		87F170682EEE6A0D0058D8BF /* PBXTargetDependency */ = {
			isa = PBXTargetDependency;
			target = 87F170582EEE6A010058D8BF /* harveyspectorquotes */;
			targetProxy = 87F170672EEE6A0D0058D8BF /* PBXContainerItemProxy */;
		};
		87F170722EEE6A0D0058D8BF /* PBXTargetDependency */ = {
			isa = PBXTargetDependency;
			target = 87F170582EEE6A010058D8BF /* harveyspectorquotes */;
			targetProxy = 87F170712EEE6A0D0058D8BF /* PBXContainerItemProxy */;
		};
		87F170A82EEE718B0058D8BF /* PBXTargetDependency */ = {
			isa = PBXTargetDependency;
			target = 87F170922EEE718A0058D8BF /* QuoteWidgetExtension */;
			targetProxy = 87F170A72EEE718B0058D8BF /* PBXContainerItemProxy */;
		};
/* End PBXTargetDependency section */

/* Begin XCBuildConfiguration section */
		87F170782EEE6A0D0058D8BF /* Debug */ = {
			isa = XCBuildConfiguration;
			buildSettings = {
				ALWAYS_SEARCH_USER_PATHS = NO;
				ASSETCATALOG_COMPILER_GENERATE_SWIFT_ASSET_SYMBOL_EXTENSIONS = YES;
				CLANG_ANALYZER_NONNULL = YES;
				CLANG_ANALYZER_NUMBER_OBJECT_CONVERSION = YES_AGGRESSIVE;
				CLANG_CXX_LANGUAGE_STANDARD = "gnu++20";
				CLANG_ENABLE_MODULES = YES;
				CLANG_ENABLE_OBJC_ARC = YES;
				CLANG_ENABLE_OBJC_WEAK = YES;
				CLANG_WARN_BLOCK_CAPTURE_AUTORELEASING = YES;
				CLANG_WARN_BOOL_CONVERSION = YES;
				CLANG_WARN_COMMA = YES;
				CLANG_WARN_CONSTANT_CONVERSION = YES;
				CLANG_WARN_DEPRECATED_OBJC_IMPLEMENTATIONS = YES;
				CLANG_WARN_DIRECT_OBJC_ISA_USAGE = YES_ERROR;
				CLANG_WARN_DOCUMENTATION_COMMENTS = YES;
				CLANG_WARN_EMPTY_BODY = YES;
				CLANG_WARN_ENUM_CONVERSION = YES;
				CLANG_WARN_INFINITE_RECURSION = YES;
				CLANG_WARN_INT_CONVERSION = YES;
				CLANG_WARN_NON_LITERAL_NULL_CONVERSION = YES;
				CLANG_WARN_OBJC_IMPLICIT_RETAIN_SELF = YES;
				CLANG_WARN_OBJC_LITERAL_CONVERSION = YES;
				CLANG_WARN_OBJC_ROOT_CLASS = YES_ERROR;
				CLANG_WARN_QUOTED_INCLUDE_IN_FRAMEWORK_HEADER = YES;
				CLANG_WARN_RANGE_LOOP_ANALYSIS = YES;
				CLANG_WARN_STRICT_PROTOTYPES = YES;
				CLANG_WARN_SUSPICIOUS_MOVE = YES;
				CLANG_WARN_UNGUARDED_AVAILABILITY = YES_AGGRESSIVE;
				CLANG_WARN_UNREACHABLE_CODE = YES;
				CLANG_WARN__DUPLICATE_METHOD_MATCH = YES;
				COPY_PHASE_STRIP = NO;
				DEBUG_INFORMATION_FORMAT = dwarf;
				DEVELOPMENT_TEAM = CU896UMJNM;
				ENABLE_STRICT_OBJC_MSGSEND = YES;
				ENABLE_TESTABILITY = YES;
				ENABLE_USER_SCRIPT_SANDBOXING = YES;
				GCC_C_LANGUAGE_STANDARD = gnu17;
				GCC_DYNAMIC_NO_PIC = NO;
				GCC_NO_COMMON_BLOCKS = YES;
				GCC_OPTIMIZATION_LEVEL = 0;
				GCC_PREPROCESSOR_DEFINITIONS = (
					"DEBUG=1",
					"$(inherited)",
				);
				GCC_WARN_64_TO_32_BIT_CONVERSION = YES;
				GCC_WARN_ABOUT_RETURN_TYPE = YES_ERROR;
				GCC_WARN_UNDECLARED_SELECTOR = YES;
				GCC_WARN_UNINITIALIZED_AUTOS = YES_AGGRESSIVE;
				GCC_WARN_UNUSED_FUNCTION = YES;
				GCC_WARN_UNUSED_VARIABLE = YES;
				IPHONEOS_DEPLOYMENT_TARGET = 26.1;
				LOCALIZATION_PREFERS_STRING_CATALOGS = YES;
				MTL_ENABLE_DEBUG_INFO = INCLUDE_SOURCE;
				MTL_FAST_MATH = YES;
				ONLY_ACTIVE_ARCH = YES;
				SDKROOT = iphoneos;
				SWIFT_ACTIVE_COMPILATION_CONDITIONS = "DEBUG $(inherited)";
				SWIFT_OPTIMIZATION_LEVEL = "-Onone";
			};
			name = Debug;
		};
		87F170792EEE6A0D0058D8BF /* Release */ = {
			isa = XCBuildConfiguration;
			buildSettings = {
				ALWAYS_SEARCH_USER_PATHS = NO;
				ASSETCATALOG_COMPILER_GENERATE_SWIFT_ASSET_SYMBOL_EXTENSIONS = YES;
				CLANG_ANALYZER_NONNULL = YES;
				CLANG_ANALYZER_NUMBER_OBJECT_CONVERSION = YES_AGGRESSIVE;
				CLANG_CXX_LANGUAGE_STANDARD = "gnu++20";
				CLANG_ENABLE_MODULES = YES;
				CLANG_ENABLE_OBJC_ARC = YES;
				CLANG_ENABLE_OBJC_WEAK = YES;
				CLANG_WARN_BLOCK_CAPTURE_AUTORELEASING = YES;
				CLANG_WARN_BOOL_CONVERSION = YES;
				CLANG_WARN_COMMA = YES;
				CLANG_WARN_CONSTANT_CONVERSION = YES;
				CLANG_WARN_DEPRECATED_OBJC_IMPLEMENTATIONS = YES;
				CLANG_WARN_DIRECT_OBJC_ISA_USAGE = YES_ERROR;
				CLANG_WARN_DOCUMENTATION_COMMENTS = YES;
				CLANG_WARN_EMPTY_BODY = YES;
				CLANG_WARN_ENUM_CONVERSION = YES;
				CLANG_WARN_INFINITE_RECURSION = YES;
				CLANG_WARN_INT_CONVERSION = YES;
				CLANG_WARN_NON_LITERAL_NULL_CONVERSION = YES;
				CLANG_WARN_OBJC_IMPLICIT_RETAIN_SELF = YES;
				CLANG_WARN_OBJC_LITERAL_CONVERSION = YES;
				CLANG_WARN_OBJC_ROOT_CLASS = YES_ERROR;
				CLANG_WARN_QUOTED_INCLUDE_IN_FRAMEWORK_HEADER = YES;
				CLANG_WARN_RANGE_LOOP_ANALYSIS = YES;
				CLANG_WARN_STRICT_PROTOTYPES = YES;
				CLANG_WARN_SUSPICIOUS_MOVE = YES;
				CLANG_WARN_UNGUARDED_AVAILABILITY = YES_AGGRESSIVE;
				CLANG_WARN_UNREACHABLE_CODE = YES;
				CLANG_WARN__DUPLICATE_METHOD_MATCH = YES;
				COPY_PHASE_STRIP = NO;
				DEBUG_INFORMATION_FORMAT = "dwarf-with-dsym";
				DEVELOPMENT_TEAM = CU896UMJNM;
				ENABLE_NS_ASSERTIONS = NO;
				ENABLE_STRICT_OBJC_MSGSEND = YES;
				ENABLE_USER_SCRIPT_SANDBOXING = YES;
				GCC_C_LANGUAGE_STANDARD = gnu17;
				GCC_NO_COMMON_BLOCKS = YES;
				GCC_WARN_64_TO_32_BIT_CONVERSION = YES;
				GCC_WARN_ABOUT_RETURN_TYPE = YES_ERROR;
				GCC_WARN_UNDECLARED_SELECTOR = YES;
				GCC_WARN_UNINITIALIZED_AUTOS = YES_AGGRESSIVE;
				GCC_WARN_UNUSED_FUNCTION = YES;
				GCC_WARN_UNUSED_VARIABLE = YES;
				IPHONEOS_DEPLOYMENT_TARGET = 26.1;
				LOCALIZATION_PREFERS_STRING_CATALOGS = YES;
				MTL_ENABLE_DEBUG_INFO = NO;
				MTL_FAST_MATH = YES;
				SDKROOT = iphoneos;
				SWIFT_COMPILATION_MODE = wholemodule;
				VALIDATE_PRODUCT = YES;
			};
			name = Release;
		};
		87F1707B2EEE6A0D0058D8BF /* Debug */ = {
			isa = XCBuildConfiguration;
			buildSettings = {
				ASSETCATALOG_COMPILER_APPICON_NAME = AppIcon;
				ASSETCATALOG_COMPILER_GLOBAL_ACCENT_COLOR_NAME = AccentColor;
				CODE_SIGN_STYLE = Automatic;
				CURRENT_PROJECT_VERSION = 1;
				DEVELOPMENT_TEAM = CU896UMJNM;
				ENABLE_PREVIEWS = YES;
				GENERATE_INFOPLIST_FILE = YES;
				INFOPLIST_KEY_UIApplicationSceneManifest_Generation = YES;
				INFOPLIST_KEY_UIApplicationSupportsIndirectInputEvents = YES;
				INFOPLIST_KEY_UILaunchScreen_Generation = YES;
				INFOPLIST_KEY_UISupportedInterfaceOrientations_iPad = "UIInterfaceOrientationPortrait UIInterfaceOrientationPortraitUpsideDown UIInterfaceOrientationLandscapeLeft UIInterfaceOrientationLandscapeRight";
				INFOPLIST_KEY_UISupportedInterfaceOrientations_iPhone = "UIInterfaceOrientationPortrait UIInterfaceOrientationLandscapeLeft UIInterfaceOrientationLandscapeRight";
				LD_RUNPATH_SEARCH_PATHS = (
					"$(inherited)",
					"@executable_path/Frameworks",
				);
				MARKETING_VERSION = 1.0;
				PRODUCT_BUNDLE_IDENTIFIER = com.atdtn.harveyspectorquotes;
				PRODUCT_NAME = "$(TARGET_NAME)";
				STRING_CATALOG_GENERATE_SYMBOLS = YES;
				SWIFT_APPROACHABLE_CONCURRENCY = YES;
				SWIFT_DEFAULT_ACTOR_ISOLATION = MainActor;
				SWIFT_EMIT_LOC_STRINGS = YES;
				SWIFT_UPCOMING_FEATURE_MEMBER_IMPORT_VISIBILITY = YES;
				SWIFT_VERSION = 5.0;
				TARGETED_DEVICE_FAMILY = "1,2";
			};
			name = Debug;
		};
		87F1707C2EEE6A0D0058D8BF /* Release */ = {
			isa = XCBuildConfiguration;
			buildSettings = {
				ASSETCATALOG_COMPILER_APPICON_NAME = AppIcon;
				ASSETCATALOG_COMPILER_GLOBAL_ACCENT_COLOR_NAME = AccentColor;
				CODE_SIGN_STYLE = Automatic;
				CURRENT_PROJECT_VERSION = 1;
				DEVELOPMENT_TEAM = CU896UMJNM;
				ENABLE_PREVIEWS = YES;
				GENERATE_INFOPLIST_FILE = YES;
				INFOPLIST_KEY_UIApplicationSceneManifest_Generation = YES;
				INFOPLIST_KEY_UIApplicationSupportsIndirectInputEvents = YES;
				INFOPLIST_KEY_UILaunchScreen_Generation = YES;
				INFOPLIST_KEY_UISupportedInterfaceOrientations_iPad = "UIInterfaceOrientationPortrait UIInterfaceOrientationPortraitUpsideDown UIInterfaceOrientationLandscapeLeft UIInterfaceOrientationLandscapeRight";
				INFOPLIST_KEY_UISupportedInterfaceOrientations_iPhone = "UIInterfaceOrientationPortrait UIInterfaceOrientationLandscapeLeft UIInterfaceOrientationLandscapeRight";
				LD_RUNPATH_SEARCH_PATHS = (
					"$(inherited)",
					"@executable_path/Frameworks",
				);
				MARKETING_VERSION = 1.0;
				PRODUCT_BUNDLE_IDENTIFIER = com.atdtn.harveyspectorquotes;
				PRODUCT_NAME = "$(TARGET_NAME)";
				STRING_CATALOG_GENERATE_SYMBOLS = YES;
				SWIFT_APPROACHABLE_CONCURRENCY = YES;
				SWIFT_DEFAULT_ACTOR_ISOLATION = MainActor;
				SWIFT_EMIT_LOC_STRINGS = YES;
				SWIFT_UPCOMING_FEATURE_MEMBER_IMPORT_VISIBILITY = YES;
				SWIFT_VERSION = 5.0;
				TARGETED_DEVICE_FAMILY = "1,2";
			};
			name = Release;
		};
		87F1707E2EEE6A0D0058D8BF /* Debug */ = {
			isa = XCBuildConfiguration;
			buildSettings = {
				BUNDLE_LOADER = "$(TEST_HOST)";
				CODE_SIGN_STYLE = Automatic;
				CURRENT_PROJECT_VERSION = 1;
				DEVELOPMENT_TEAM = CU896UMJNM;
				GENERATE_INFOPLIST_FILE = YES;
				IPHONEOS_DEPLOYMENT_TARGET = 26.1;
				MARKETING_VERSION = 1.0;
				PRODUCT_BUNDLE_IDENTIFIER = com.atdtn.harveyspectorquotesTests;
				PRODUCT_NAME = "$(TARGET_NAME)";
				STRING_CATALOG_GENERATE_SYMBOLS = NO;
				SWIFT_APPROACHABLE_CONCURRENCY = YES;
				SWIFT_EMIT_LOC_STRINGS = NO;
				SWIFT_UPCOMING_FEATURE_MEMBER_IMPORT_VISIBILITY = YES;
				SWIFT_VERSION = 5.0;
				TARGETED_DEVICE_FAMILY = "1,2";
				TEST_HOST = "$(BUILT_PRODUCTS_DIR)/harveyspectorquotes.app/$(BUNDLE_EXECUTABLE_FOLDER_PATH)/harveyspectorquotes";
			};
			name = Debug;
		};
		87F1707F2EEE6A0D0058D8BF /* Release */ = {
			isa = XCBuildConfiguration;
			buildSettings = {
				BUNDLE_LOADER = "$(TEST_HOST)";
				CODE_SIGN_STYLE = Automatic;
				CURRENT_PROJECT_VERSION = 1;
				DEVELOPMENT_TEAM = CU896UMJNM;
				GENERATE_INFOPLIST_FILE = YES;
				IPHONEOS_DEPLOYMENT_TARGET = 26.1;
				MARKETING_VERSION = 1.0;
				PRODUCT_BUNDLE_IDENTIFIER = com.atdtn.harveyspectorquotesTests;
				PRODUCT_NAME = "$(TARGET_NAME)";
				STRING_CATALOG_GENERATE_SYMBOLS = NO;
				SWIFT_APPROACHABLE_CONCURRENCY = YES;
				SWIFT_EMIT_LOC_STRINGS = NO;
				SWIFT_UPCOMING_FEATURE_MEMBER_IMPORT_VISIBILITY = YES;
				SWIFT_VERSION = 5.0;
				TARGETED_DEVICE_FAMILY = "1,2";
				TEST_HOST = "$(BUILT_PRODUCTS_DIR)/harveyspectorquotes.app/$(BUNDLE_EXECUTABLE_FOLDER_PATH)/harveyspectorquotes";
			};
			name = Release;
		};
		87F170812EEE6A0D0058D8BF /* Debug */ = {
			isa = XCBuildConfiguration;
			buildSettings = {
				CODE_SIGN_STYLE = Automatic;
				CURRENT_PROJECT_VERSION = 1;
				DEVELOPMENT_TEAM = CU896UMJNM;
				GENERATE_INFOPLIST_FILE = YES;
				MARKETING_VERSION = 1.0;
				PRODUCT_BUNDLE_IDENTIFIER = com.atdtn.harveyspectorquotesUITests;
				PRODUCT_NAME = "$(TARGET_NAME)";
				STRING_CATALOG_GENERATE_SYMBOLS = NO;
				SWIFT_APPROACHABLE_CONCURRENCY = YES;
				SWIFT_EMIT_LOC_STRINGS = NO;
				SWIFT_UPCOMING_FEATURE_MEMBER_IMPORT_VISIBILITY = YES;
				SWIFT_VERSION = 5.0;
				TARGETED_DEVICE_FAMILY = "1,2";
				TEST_TARGET_NAME = harveyspectorquotes;
			};
			name = Debug;
		};
		87F170822EEE6A0D0058D8BF /* Release */ = {
			isa = XCBuildConfiguration;
			buildSettings = {
				CODE_SIGN_STYLE = Automatic;
				CURRENT_PROJECT_VERSION = 1;
				DEVELOPMENT_TEAM = CU896UMJNM;
				GENERATE_INFOPLIST_FILE = YES;
				MARKETING_VERSION = 1.0;
				PRODUCT_BUNDLE_IDENTIFIER = com.atdtn.harveyspectorquotesUITests;
				PRODUCT_NAME = "$(TARGET_NAME)";
				STRING_CATALOG_GENERATE_SYMBOLS = NO;
				SWIFT_APPROACHABLE_CONCURRENCY = YES;
				SWIFT_EMIT_LOC_STRINGS = NO;
				SWIFT_UPCOMING_FEATURE_MEMBER_IMPORT_VISIBILITY = YES;
				SWIFT_VERSION = 5.0;
				TARGETED_DEVICE_FAMILY = "1,2";
				TEST_TARGET_NAME = harveyspectorquotes;
			};
			name = Release;
		};
		87F170AC2EEE718B0058D8BF /* Debug */ = {
			isa = XCBuildConfiguration;
			buildSettings = {
				ASSETCATALOG_COMPILER_GLOBAL_ACCENT_COLOR_NAME = AccentColor;
				ASSETCATALOG_COMPILER_WIDGET_BACKGROUND_COLOR_NAME = WidgetBackground;
				CODE_SIGN_STYLE = Automatic;
				CURRENT_PROJECT_VERSION = 1;
				DEVELOPMENT_TEAM = CU896UMJNM;
				GENERATE_INFOPLIST_FILE = YES;
				INFOPLIST_FILE = QuoteWidget/Info.plist;
				INFOPLIST_KEY_CFBundleDisplayName = QuoteWidget;
				INFOPLIST_KEY_NSHumanReadableCopyright = "";
				LD_RUNPATH_SEARCH_PATHS = (
					"$(inherited)",
					"@executable_path/Frameworks",
					"@executable_path/../../Frameworks",
				);
				MARKETING_VERSION = 1.0;
				PRODUCT_BUNDLE_IDENTIFIER = com.atdtn.harveyspectorquotes.QuoteWidget;
				PRODUCT_NAME = "$(TARGET_NAME)";
				SKIP_INSTALL = YES;
				STRING_CATALOG_GENERATE_SYMBOLS = YES;
				SWIFT_APPROACHABLE_CONCURRENCY = YES;
				SWIFT_EMIT_LOC_STRINGS = YES;
				SWIFT_UPCOMING_FEATURE_MEMBER_IMPORT_VISIBILITY = YES;
				SWIFT_VERSION = 5.0;
				TARGETED_DEVICE_FAMILY = "1,2";
			};
			name = Debug;
		};
		87F170AD2EEE718B0058D8BF /* Release */ = {
			isa = XCBuildConfiguration;
			buildSettings = {
				ASSETCATALOG_COMPILER_GLOBAL_ACCENT_COLOR_NAME = AccentColor;
				ASSETCATALOG_COMPILER_WIDGET_BACKGROUND_COLOR_NAME = WidgetBackground;
				CODE_SIGN_STYLE = Automatic;
				CURRENT_PROJECT_VERSION = 1;
				DEVELOPMENT_TEAM = CU896UMJNM;
				GENERATE_INFOPLIST_FILE = YES;
				INFOPLIST_FILE = QuoteWidget/Info.plist;
				INFOPLIST_KEY_CFBundleDisplayName = QuoteWidget;
				INFOPLIST_KEY_NSHumanReadableCopyright = "";
				LD_RUNPATH_SEARCH_PATHS = (
					"$(inherited)",
					"@executable_path/Frameworks",
					"@executable_path/../../Frameworks",
				);
				MARKETING_VERSION = 1.0;
				PRODUCT_BUNDLE_IDENTIFIER = com.atdtn.harveyspectorquotes.QuoteWidget;
				PRODUCT_NAME = "$(TARGET_NAME)";
				SKIP_INSTALL = YES;
				STRING_CATALOG_GENERATE_SYMBOLS = YES;
				SWIFT_APPROACHABLE_CONCURRENCY = YES;
				SWIFT_EMIT_LOC_STRINGS = YES;
				SWIFT_UPCOMING_FEATURE_MEMBER_IMPORT_VISIBILITY = YES;
				SWIFT_VERSION = 5.0;
				TARGETED_DEVICE_FAMILY = "1,2";
			};
			name = Release;
		};
/* End XCBuildConfiguration section */

/* Begin XCConfigurationList section */
		87F170542EEE6A010058D8BF /* Build configuration list for PBXProject "harveyspectorquotes" */ = {
			isa = XCConfigurationList;
			buildConfigurations = (
				87F170782EEE6A0D0058D8BF /* Debug */,
				87F170792EEE6A0D0058D8BF /* Release */,
			);
			defaultConfigurationIsVisible = 0;
			defaultConfigurationName = Release;
		};
		87F1707A2EEE6A0D0058D8BF /* Build configuration list for PBXNativeTarget "harveyspectorquotes" */ = {
			isa = XCConfigurationList;
			buildConfigurations = (
				87F1707B2EEE6A0D0058D8BF /* Debug */,
				87F1707C2EEE6A0D0058D8BF /* Release */,
			);
			defaultConfigurationIsVisible = 0;
			defaultConfigurationName = Release;
		};
		87F1707D2EEE6A0D0058D8BF /* Build configuration list for PBXNativeTarget "harveyspectorquotesTests" */ = {
			isa = XCConfigurationList;
			buildConfigurations = (
				87F1707E2EEE6A0D0058D8BF /* Debug */,
				87F1707F2EEE6A0D0058D8BF /* Release */,
			);
			defaultConfigurationIsVisible = 0;
			defaultConfigurationName = Release;
		};
		87F170802EEE6A0D0058D8BF /* Build configuration list for PBXNativeTarget "harveyspectorquotesUITests" */ = {
			isa = XCConfigurationList;
			buildConfigurations = (
				87F170812EEE6A0D0058D8BF /* Debug */,
				87F170822EEE6A0D0058D8BF /* Release */,
			);
			defaultConfigurationIsVisible = 0;
			defaultConfigurationName = Release;
		};
		87F170AB2EEE718B0058D8BF /* Build configuration list for PBXNativeTarget "QuoteWidgetExtension" */ = {
			isa = XCConfigurationList;
			buildConfigurations = (
				87F170AC2EEE718B0058D8BF /* Debug */,
				87F170AD2EEE718B0058D8BF /* Release */,
			);
			defaultConfigurationIsVisible = 0;
			defaultConfigurationName = Release;
		};
/* End XCConfigurationList section */
	};
	rootObject = 87F170512EEE6A010058D8BF /* Project object */;
}
